// !$*UTF8*$!
{
	archiveVersion = 1;
	classes = {
	};
	objectVersion = 46;
	objects = {

/* Begin PBXBuildFile section */
		C7BE83711BA38D79001E9BFC /* main.m in Sources */ = {isa = PBXBuildFile; fileRef = C7BE83701BA38D79001E9BFC /* main.m */; };
		C7BE83741BA38D79001E9BFC /* AppDelegate.m in Sources */ = {isa = PBXBuildFile; fileRef = C7BE83731BA38D79001E9BFC /* AppDelegate.m */; };
		C7BE83771BA38D79001E9BFC /* ViewController.m in Sources */ = {isa = PBXBuildFile; fileRef = C7BE83761BA38D79001E9BFC /* ViewController.m */; };
		C7BE837A1BA38D79001E9BFC /* Main.storyboard in Resources */ = {isa = PBXBuildFile; fileRef = C7BE83781BA38D79001E9BFC /* Main.storyboard */; };
		C7BE837C1BA38D79001E9BFC /* Assets.xcassets in Resources */ = {isa = PBXBuildFile; fileRef = C7BE837B1BA38D79001E9BFC /* Assets.xcassets */; };
		C7BE837F1BA38D79001E9BFC /* LaunchScreen.storyboard in Resources */ = {isa = PBXBuildFile; fileRef = C7BE837D1BA38D79001E9BFC /* LaunchScreen.storyboard */; };
		C7BE83881BA38E20001E9BFC /* Story.m in Sources */ = {isa = PBXBuildFile; fileRef = C7BE83871BA38E20001E9BFC /* Story.m */; settings = {ASSET_TAGS = (); }; };
/* End PBXBuildFile section */

/* Begin PBXFileReference section */
		C7BE836C1BA38D79001E9BFC /* Storybook.app */ = {isa = PBXFileReference; explicitFileType = wrapper.application; includeInIndex = 0; path = Storybook.app; sourceTree = BUILT_PRODUCTS_DIR; };
		C7BE83701BA38D79001E9BFC /* main.m */ = {isa = PBXFileReference; lastKnownFileType = sourcecode.c.objc; path = main.m; sourceTree = "<group>"; };
		C7BE83721BA38D79001E9BFC /* AppDelegate.h */ = {isa = PBXFileReference; lastKnownFileType = sourcecode.c.h; path = AppDelegate.h; sourceTree = "<group>"; };
		C7BE83731BA38D79001E9BFC /* AppDelegate.m */ = {isa = PBXFileReference; lastKnownFileType = sourcecode.c.objc; path = AppDelegate.m; sourceTree = "<group>"; };
		C7BE83751BA38D79001E9BFC /* ViewController.h */ = {isa = PBXFileReference; lastKnownFileType = sourcecode.c.h; path = ViewController.h; sourceTree = "<group>"; };
		C7BE83761BA38D79001E9BFC /* ViewController.m */ = {isa = PBXFileReference; lastKnownFileType = sourcecode.c.objc; path = ViewController.m; sourceTree = "<group>"; };
		C7BE83791BA38D79001E9BFC /* Base */ = {isa = PBXFileReference; lastKnownFileType = file.storyboard; name = Base; path = Base.lproj/Main.storyboard; sourceTree = "<group>"; };
		C7BE837B1BA38D79001E9BFC /* Assets.xcassets */ = {isa = PBXFileReference; lastKnownFileType = folder.assetcatalog; path = Assets.xcassets; sourceTree = "<group>"; };
		C7BE837E1BA38D79001E9BFC /* Base */ = {isa = PBXFileReference; lastKnownFileType = file.storyboard; name = Base; path = Base.lproj/LaunchScreen.storyboard; sourceTree = "<group>"; };
		C7BE83801BA38D79001E9BFC /* Info.plist */ = {isa = PBXFileReference; lastKnownFileType = text.plist.xml; path = Info.plist; sourceTree = "<group>"; };
		C7BE83861BA38E20001E9BFC /* Story.h */ = {isa = PBXFileReference; fileEncoding = 4; lastKnownFileType = sourcecode.c.h; path = Story.h; sourceTree = "<group>"; };
		C7BE83871BA38E20001E9BFC /* Story.m */ = {isa = PBXFileReference; fileEncoding = 4; lastKnownFileType = sourcecode.c.objc; path = Story.m; sourceTree = "<group>"; };
/* End PBXFileReference section */

/* Begin PBXFrameworksBuildPhase section */
		C7BE83691BA38D79001E9BFC /* Frameworks */ = {
			isa = PBXFrameworksBuildPhase;
			buildActionMask = 2147483647;
			files = (
			);
			runOnlyForDeploymentPostprocessing = 0;
		};
/* End PBXFrameworksBuildPhase section */

/* Begin PBXGroup section */
		C7BE83631BA38D79001E9BFC = {
			isa = PBXGroup;
			children = (
				C7BE836E1BA38D79001E9BFC /* Storybook */,
				C7BE836D1BA38D79001E9BFC /* Products */,
			);
			sourceTree = "<group>";
		};
		C7BE836D1BA38D79001E9BFC /* Products */ = {
			isa = PBXGroup;
			children = (
				C7BE836C1BA38D79001E9BFC /* Storybook.app */,
			);
			name = Products;
			sourceTree = "<group>";
		};
		C7BE836E1BA38D79001E9BFC /* Storybook */ = {
			isa = PBXGroup;
			children = (
				C7BE83721BA38D79001E9BFC /* AppDelegate.h */,
				C7BE83731BA38D79001E9BFC /* AppDelegate.m */,
				C7BE83861BA38E20001E9BFC /* Story.h */,
				C7BE83871BA38E20001E9BFC /* Story.m */,
				C7BE83751BA38D79001E9BFC /* ViewController.h */,
				C7BE83761BA38D79001E9BFC /* ViewController.m */,
				C7BE83781BA38D79001E9BFC /* Main.storyboard */,
				C7BE837B1BA38D79001E9BFC /* Assets.xcassets */,
				C7BE837D1BA38D79001E9BFC /* LaunchScreen.storyboard */,
				C7BE83801BA38D79001E9BFC /* Info.plist */,
				C7BE836F1BA38D79001E9BFC /* Supporting Files */,
			);
			path = Storybook;
			sourceTree = "<group>";
		};
		C7BE836F1BA38D79001E9BFC /* Supporting Files */ = {
			isa = PBXGroup;
			children = (
				C7BE83701BA38D79001E9BFC /* main.m */,
			);
			name = "Supporting Files";
			sourceTree = "<group>";
		};
/* End PBXGroup section */

/* Begin PBXNativeTarget section */
		C7BE836B1BA38D79001E9BFC /* Storybook */ = {
			isa = PBXNativeTarget;
			buildConfigurationList = C7BE83831BA38D79001E9BFC /* Build configuration list for PBXNativeTarget "Storybook" */;
			buildPhases = (
				C7BE83681BA38D79001E9BFC /* Sources */,
				C7BE83691BA38D79001E9BFC /* Frameworks */,
				C7BE836A1BA38D79001E9BFC /* Resources */,
			);
			buildRules = (
			);
			dependencies = (
			);
			name = Storybook;
			productName = Storybook;
			productReference = C7BE836C1BA38D79001E9BFC /* Storybook.app */;
			productType = "com.apple.product-type.application";
		};
/* End PBXNativeTarget section */

/* Begin PBXProject section */
		C7BE83641BA38D79001E9BFC /* Project object */ = {
			isa = PBXProject;
			attributes = {
				LastUpgradeCheck = 0700;
				ORGANIZATIONNAME = "Alp Eren Can";
				TargetAttributes = {
					C7BE836B1BA38D79001E9BFC = {
						CreatedOnToolsVersion = 7.0;
					};
				};
			};
			buildConfigurationList = C7BE83671BA38D79001E9BFC /* Build configuration list for PBXProject "Storybook" */;
			compatibilityVersion = "Xcode 3.2";
			developmentRegion = English;
			hasScannedForEncodings = 0;
			knownRegions = (
				en,
				Base,
			);
			mainGroup = C7BE83631BA38D79001E9BFC;
			productRefGroup = C7BE836D1BA38D79001E9BFC /* Products */;
			projectDirPath = "";
			projectRoot = "";
			targets = (
				C7BE836B1BA38D79001E9BFC /* Storybook */,
			);
		};
/* End PBXProject section */

/* Begin PBXResourcesBuildPhase section */
		C7BE836A1BA38D79001E9BFC /* Resources */ = {
			isa = PBXResourcesBuildPhase;
			buildActionMask = 2147483647;
			files = (
				C7BE837F1BA38D79001E9BFC /* LaunchScreen.storyboard in Resources */,
				C7BE837C1BA38D79001E9BFC /* Assets.xcassets in Resources */,
				C7BE837A1BA38D79001E9BFC /* Main.storyboard in Resources */,
			);
			runOnlyForDeploymentPostprocessing = 0;
		};
/* End PBXResourcesBuildPhase section */

/* Begin PBXSourcesBuildPhase section */
		C7BE83681BA38D79001E9BFC /* Sources */ = {
			isa = PBXSourcesBuildPhase;
			buildActionMask = 2147483647;
			files = (
				C7BE83771BA38D79001E9BFC /* ViewController.m in Sources */,
				C7BE83741BA38D79001E9BFC /* AppDelegate.m in Sources */,
				C7BE83711BA38D79001E9BFC /* main.m in Sources */,
				C7BE83881BA38E20001E9BFC /* Story.m in Sources */,
			);
			runOnlyForDeploymentPostprocessing = 0;
		};
/* End PBXSourcesBuildPhase section */

/* Begin PBXVariantGroup section */
		C7BE83781BA38D79001E9BFC /* Main.storyboard */ = {
			isa = PBXVariantGroup;
			children = (
				C7BE83791BA38D79001E9BFC /* Base */,
			);
			name = Main.storyboard;
			sourceTree = "<group>";
		};
		C7BE837D1BA38D79001E9BFC /* LaunchScreen.storyboard */ = {
			isa = PBXVariantGroup;
			children = (
				C7BE837E1BA38D79001E9BFC /* Base */,
			);
			name = LaunchScreen.storyboard;
			sourceTree = "<group>";
		};
/* End PBXVariantGroup section */

/* Begin XCBuildConfiguration section */
		C7BE83811BA38D79001E9BFC /* Debug */ = {
			isa = XCBuildConfiguration;
			buildSettings = {
				ALWAYS_SEARCH_USER_PATHS = NO;
				CLANG_CXX_LANGUAGE_STANDARD = "gnu++0x";
				CLANG_CXX_LIBRARY = "libc++";
				CLANG_ENABLE_MODULES = YES;
				CLANG_ENABLE_OBJC_ARC = YES;
				CLANG_WARN_BOOL_CONVERSION = YES;
				CLANG_WARN_CONSTANT_CONVERSION = YES;
				CLANG_WARN_DIRECT_OBJC_ISA_USAGE = YES_ERROR;
				CLANG_WARN_EMPTY_BODY = YES;
				CLANG_WARN_ENUM_CONVERSION = YES;
				CLANG_WARN_INT_CONVERSION = YES;
				CLANG_WARN_OBJC_ROOT_CLASS = YES_ERROR;
				CLANG_WARN_UNREACHABLE_CODE = YES;
				CLANG_WARN__DUPLICATE_METHOD_MATCH = YES;
				"CODE_SIGN_IDENTITY[sdk=iphoneos*]" = "iPhone Developer";
				COPY_PHASE_STRIP = NO;
				DEBUG_INFORMATION_FORMAT = dwarf;
				ENABLE_STRICT_OBJC_MSGSEND = YES;
				ENABLE_TESTABILITY = YES;
				GCC_C_LANGUAGE_STANDARD = gnu99;
				GCC_DYNAMIC_NO_PIC = NO;
				GCC_NO_COMMON_BLOCKS = YES;
				GCC_OPTIMIZATION_LEVEL = 0;
				GCC_PREPROCESSOR_DEFINITIONS = (
					"DEBUG=1",
					"$(inherited)",
				);
				GCC_WARN_64_TO_32_BIT_CONVERSION = YES;
				GCC_WARN_ABOUT_RETURN_TYPE = YES_ERROR;
				GCC_WARN_UNDECLARED_SELECTOR = YES;
				GCC_WARN_UNINITIALIZED_AUTOS = YES_AGGRESSIVE;
				GCC_WARN_UNUSED_FUNCTION = YES;
				GCC_WARN_UNUSED_VARIABLE = YES;
				IPHONEOS_DEPLOYMENT_TARGET = 9.0;
				MTL_ENABLE_DEBUG_INFO = YES;
				ONLY_ACTIVE_ARCH = YES;
				SDKROOT = iphoneos;
			};
			name = Debug;
		};
		C7BE83821BA38D79001E9BFC /* Release */ = {
			isa = XCBuildConfiguration;
			buildSettings = {
				ALWAYS_SEARCH_USER_PATHS = NO;
				CLANG_CXX_LANGUAGE_STANDARD = "gnu++0x";
				CLANG_CXX_LIBRARY = "libc++";
				CLANG_ENABLE_MODULES = YES;
				CLANG_ENABLE_OBJC_ARC = YES;
				CLANG_WARN_BOOL_CONVERSION = YES;
				CLANG_WARN_CONSTANT_CONVERSION = YES;
				CLANG_WARN_DIRECT_OBJC_ISA_USAGE = YES_ERROR;
				CLANG_WARN_EMPTY_BODY = YES;
				CLANG_WARN_ENUM_CONVERSION = YES;
				CLANG_WARN_INT_CONVERSION = YES;
				CLANG_WARN_OBJC_ROOT_CLASS = YES_ERROR;
				CLANG_WARN_UNREACHABLE_CODE = YES;
				CLANG_WARN__DUPLICATE_METHOD_MATCH = YES;
				"CODE_SIGN_IDENTITY[sdk=iphoneos*]" = "iPhone Developer";
				COPY_PHASE_STRIP = NO;
				DEBUG_INFORMATION_FORMAT = "dwarf-with-dsym";
				ENABLE_NS_ASSERTIONS = NO;
				ENABLE_STRICT_OBJC_MSGSEND = YES;
				GCC_C_LANGUAGE_STANDARD = gnu99;
				GCC_NO_COMMON_BLOCKS = YES;
				GCC_WARN_64_TO_32_BIT_CONVERSION = YES;
				GCC_WARN_ABOUT_RETURN_TYPE = YES_ERROR;
				GCC_WARN_UNDECLARED_SELECTOR = YES;
				GCC_WARN_UNINITIALIZED_AUTOS = YES_AGGRESSIVE;
				GCC_WARN_UNUSED_FUNCTION = YES;
				GCC_WARN_UNUSED_VARIABLE = YES;
				IPHONEOS_DEPLOYMENT_TARGET = 9.0;
				MTL_ENABLE_DEBUG_INFO = NO;
				SDKROOT = iphoneos;
				VALIDATE_PRODUCT = YES;
			};
			name = Release;
		};
		C7BE83841BA38D79001E9BFC /* Debug */ = {
			isa = XCBuildConfiguration;
			buildSettings = {
				ASSETCATALOG_COMPILER_APPICON_NAME = AppIcon;
				INFOPLIST_FILE = Storybook/Info.plist;
				LD_RUNPATH_SEARCH_PATHS = "$(inherited) @executable_path/Frameworks";
				PRODUCT_BUNDLE_IDENTIFIER = com.alperencan.Storybook;
				PRODUCT_NAME = "$(TARGET_NAME)";
			};
			name = Debug;
		};
		C7BE83851BA38D79001E9BFC /* Release */ = {
			isa = XCBuildConfiguration;
			buildSettings = {
				ASSETCATALOG_COMPILER_APPICON_NAME = AppIcon;
				INFOPLIST_FILE = Storybook/Info.plist;
				LD_RUNPATH_SEARCH_PATHS = "$(inherited) @executable_path/Frameworks";
				PRODUCT_BUNDLE_IDENTIFIER = com.alperencan.Storybook;
				PRODUCT_NAME = "$(TARGET_NAME)";
			};
			name = Release;
		};
/* End XCBuildConfiguration section */

/* Begin XCConfigurationList section */
		C7BE83671BA38D79001E9BFC /* Build configuration list for PBXProject "Storybook" */ = {
			isa = XCConfigurationList;
			buildConfigurations = (
				C7BE83811BA38D79001E9BFC /* Debug */,
				C7BE83821BA38D79001E9BFC /* Release */,
			);
			defaultConfigurationIsVisible = 0;
			defaultConfigurationName = Release;
		};
		C7BE83831BA38D79001E9BFC /* Build configuration list for PBXNativeTarget "Storybook" */ = {
			isa = XCConfigurationList;
			buildConfigurations = (
				C7BE83841BA38D79001E9BFC /* Debug */,
				C7BE83851BA38D79001E9BFC /* Release */,
			);
			defaultConfigurationIsVisible = 0;
		};
/* End XCConfigurationList section */
	};
	rootObject = C7BE83641BA38D79001E9BFC /* Project object */;
}
